
Microsoft Visual Studio Solution File, Format Version 12.00
# Visual Studio Version 17
VisualStudioVersion = 17.6.33815.320
MinimumVisualStudioVersion = 10.0.40219.1
Project("{FAE04EC0-301F-11D3-BF4B-00C04F79EFBC}") = "HomeWork1", "HomeWork1\HomeWork1.csproj", "{663D9682-0DFE-4696-A666-A7C7F1457DA3}"
EndProject
Global
	GlobalSection(SolutionConfigurationPlatforms) = preSolution
		Debug|Any CPU = Debug|Any CPU
		Release|Any CPU = Release|Any CPU
	EndGlobalSection
	GlobalSection(ProjectConfigurationPlatforms) = postSolution
		{663D9682-0DFE-4696-A666-A7C7F1457DA3}.Debug|Any CPU.ActiveCfg = Debug|Any CPU
		{663D9682-0DFE-4696-A666-A7C7F1457DA3}.Debug|Any CPU.Build.0 = Debug|Any CPU
		{663D9682-0DFE-4696-A666-A7C7F1457DA3}.Release|Any CPU.ActiveCfg = Release|Any CPU
		{663D9682-0DFE-4696-A666-A7C7F1457DA3}.Release|Any CPU.Build.0 = Release|Any CPU
	EndGlobalSection
	GlobalSection(SolutionProperties) = preSolution
		HideSolutionNode = FALSE
	EndGlobalSection
	GlobalSection(ExtensibilityGlobals) = postSolution
		SolutionGuid = {DA93D20A-6735-49F0-8C66-67EDE05DFA1E}
	EndGlobalSection
EndGlobal
